
Microsoft Visual Studio Solution File, Format Version 12.00
# Visual Studio Version 16
VisualStudioVersion = 16.0.34407.143
MinimumVisualStudioVersion = 10.0.40219.1
Project("{8BC9CEB8-8B4A-11D0-8D11-00A0C91BC942}") = "cpp_json_parser", "cpp_json_parser\cpp_json_parser.vcxproj", "{DCE7247D-F08A-46DB-8CDF-73A5FF223095}"
EndProject
Global
	GlobalSection(SolutionConfigurationPlatforms) = preSolution
		Debug|x64 = Debug|x64
		Debug|x86 = Debug|x86
		Release|x64 = Release|x64
		Release|x86 = Release|x86
	EndGlobalSection
	GlobalSection(ProjectConfigurationPlatforms) = postSolution
		{DCE7247D-F08A-46DB-8CDF-73A5FF223095}.Debug|x64.ActiveCfg = Debug|x64
		{DCE7247D-F08A-46DB-8CDF-73A5FF223095}.Debug|x64.Build.0 = Debug|x64
		{DCE7247D-F08A-46DB-8CDF-73A5FF223095}.Debug|x86.ActiveCfg = Debug|Win32
		{DCE7247D-F08A-46DB-8CDF-73A5FF223095}.Debug|x86.Build.0 = Debug|Win32
		{DCE7247D-F08A-46DB-8CDF-73A5FF223095}.Release|x64.ActiveCfg = Release|x64
		{DCE7247D-F08A-46DB-8CDF-73A5FF223095}.Release|x64.Build.0 = Release|x64
		{DCE7247D-F08A-46DB-8CDF-73A5FF223095}.Release|x86.ActiveCfg = Release|Win32
		{DCE7247D-F08A-46DB-8CDF-73A5FF223095}.Release|x86.Build.0 = Release|Win32
	EndGlobalSection
	GlobalSection(SolutionProperties) = preSolution
		HideSolutionNode = FALSE
	EndGlobalSection
	GlobalSection(ExtensibilityGlobals) = postSolution
		SolutionGuid = {DDFD2FB0-5FE0-419D-9F47-F21AE55374BA}
	EndGlobalSection
EndGlobal
